// !$*UTF8*$!
{
	archiveVersion = 1;
	classes = {
	};
	objectVersion = 55;
	objects = {

/* Begin PBXBuildFile section */
		EFBCCEAA288329280057927F /* CreditsView.swift in Sources */ = {isa = PBXBuildFile; fileRef = EFBCCEA9288329280057927F /* CreditsView.swift */; };
		EFBCCEAD288329B00057927F /* HeaderView.swift in Sources */ = {isa = PBXBuildFile; fileRef = EFBCCEAC288329B00057927F /* HeaderView.swift */; };
		EFBCCEAF28832FC10057927F /* SettingsView.swift in Sources */ = {isa = PBXBuildFile; fileRef = EFBCCEAE28832FC10057927F /* SettingsView.swift */; };
		EFDE3EE4288317460090C00E /* Notes WatchKit App.app in Embed Watch Content */ = {isa = PBXBuildFile; fileRef = EFDE3EE3288317460090C00E /* Notes WatchKit App.app */; settings = {ATTRIBUTES = (RemoveHeadersOnCopy, ); }; };
		EFDE3EE9288317470090C00E /* Assets.xcassets in Resources */ = {isa = PBXBuildFile; fileRef = EFDE3EE8288317470090C00E /* Assets.xcassets */; };
		EFDE3EEF288317470090C00E /* Notes WatchKit Extension.appex in Embed App Extensions */ = {isa = PBXBuildFile; fileRef = EFDE3EEE288317470090C00E /* Notes WatchKit Extension.appex */; settings = {ATTRIBUTES = (RemoveHeadersOnCopy, ); }; };
		EFDE3EF4288317470090C00E /* ContentView.swift in Sources */ = {isa = PBXBuildFile; fileRef = EFDE3EF3288317470090C00E /* ContentView.swift */; };
		EFDE3EF6288317470090C00E /* NotesApp.swift in Sources */ = {isa = PBXBuildFile; fileRef = EFDE3EF5288317470090C00E /* NotesApp.swift */; };
		EFDE3EF8288317470090C00E /* ComplicationController.swift in Sources */ = {isa = PBXBuildFile; fileRef = EFDE3EF7288317470090C00E /* ComplicationController.swift */; };
		EFDE3EFA288317480090C00E /* Assets.xcassets in Resources */ = {isa = PBXBuildFile; fileRef = EFDE3EF9288317480090C00E /* Assets.xcassets */; };
		EFDE3EFD288317480090C00E /* Preview Assets.xcassets in Resources */ = {isa = PBXBuildFile; fileRef = EFDE3EFC288317480090C00E /* Preview Assets.xcassets */; };
		EFDE3F0F288318B70090C00E /* Note.swift in Sources */ = {isa = PBXBuildFile; fileRef = EFDE3F0E288318B70090C00E /* Note.swift */; };
		EFDE3F11288321770090C00E /* DetailView.swift in Sources */ = {isa = PBXBuildFile; fileRef = EFDE3F10288321770090C00E /* DetailView.swift */; };
/* End PBXBuildFile section */

/* Begin PBXContainerItemProxy section */
		EFDE3EE5288317460090C00E /* PBXContainerItemProxy */ = {
			isa = PBXContainerItemProxy;
			containerPortal = EFDE3ED9288317460090C00E /* Project object */;
			proxyType = 1;
			remoteGlobalIDString = EFDE3EE2288317460090C00E;
			remoteInfo = "Notes WatchKit App";
		};
		EFDE3EF0288317470090C00E /* PBXContainerItemProxy */ = {
			isa = PBXContainerItemProxy;
			containerPortal = EFDE3ED9288317460090C00E /* Project object */;
			proxyType = 1;
			remoteGlobalIDString = EFDE3EED288317470090C00E;
			remoteInfo = "Notes WatchKit Extension";
		};
/* End PBXContainerItemProxy section */

/* Begin PBXCopyFilesBuildPhase section */
		EFDE3F04288317480090C00E /* Embed App Extensions */ = {
			isa = PBXCopyFilesBuildPhase;
			buildActionMask = 2147483647;
			dstPath = "";
			dstSubfolderSpec = 13;
			files = (
				EFDE3EEF288317470090C00E /* Notes WatchKit Extension.appex in Embed App Extensions */,
			);
			name = "Embed App Extensions";
			runOnlyForDeploymentPostprocessing = 0;
		};
		EFDE3F08288317480090C00E /* Embed Watch Content */ = {
			isa = PBXCopyFilesBuildPhase;
			buildActionMask = 2147483647;
			dstPath = "$(CONTENTS_FOLDER_PATH)/Watch";
			dstSubfolderSpec = 16;
			files = (
				EFDE3EE4288317460090C00E /* Notes WatchKit App.app in Embed Watch Content */,
			);
			name = "Embed Watch Content";
			runOnlyForDeploymentPostprocessing = 0;
		};
/* End PBXCopyFilesBuildPhase section */

/* Begin PBXFileReference section */
		EFBCCEA9288329280057927F /* CreditsView.swift */ = {isa = PBXFileReference; lastKnownFileType = sourcecode.swift; path = CreditsView.swift; sourceTree = "<group>"; };
		EFBCCEAC288329B00057927F /* HeaderView.swift */ = {isa = PBXFileReference; lastKnownFileType = sourcecode.swift; path = HeaderView.swift; sourceTree = "<group>"; };
		EFBCCEAE28832FC10057927F /* SettingsView.swift */ = {isa = PBXFileReference; lastKnownFileType = sourcecode.swift; path = SettingsView.swift; sourceTree = "<group>"; };
		EFDE3EDF288317460090C00E /* Notes.app */ = {isa = PBXFileReference; explicitFileType = wrapper.application; includeInIndex = 0; path = Notes.app; sourceTree = BUILT_PRODUCTS_DIR; };
		EFDE3EE3288317460090C00E /* Notes WatchKit App.app */ = {isa = PBXFileReference; explicitFileType = wrapper.application; includeInIndex = 0; path = "Notes WatchKit App.app"; sourceTree = BUILT_PRODUCTS_DIR; };
		EFDE3EE8288317470090C00E /* Assets.xcassets */ = {isa = PBXFileReference; lastKnownFileType = folder.assetcatalog; path = Assets.xcassets; sourceTree = "<group>"; };
		EFDE3EEE288317470090C00E /* Notes WatchKit Extension.appex */ = {isa = PBXFileReference; explicitFileType = "wrapper.app-extension"; includeInIndex = 0; path = "Notes WatchKit Extension.appex"; sourceTree = BUILT_PRODUCTS_DIR; };
		EFDE3EF3288317470090C00E /* ContentView.swift */ = {isa = PBXFileReference; lastKnownFileType = sourcecode.swift; path = ContentView.swift; sourceTree = "<group>"; };
		EFDE3EF5288317470090C00E /* NotesApp.swift */ = {isa = PBXFileReference; lastKnownFileType = sourcecode.swift; path = NotesApp.swift; sourceTree = "<group>"; };
		EFDE3EF7288317470090C00E /* ComplicationController.swift */ = {isa = PBXFileReference; lastKnownFileType = sourcecode.swift; path = ComplicationController.swift; sourceTree = "<group>"; };
		EFDE3EF9288317480090C00E /* Assets.xcassets */ = {isa = PBXFileReference; lastKnownFileType = folder.assetcatalog; path = Assets.xcassets; sourceTree = "<group>"; };
		EFDE3EFC288317480090C00E /* Preview Assets.xcassets */ = {isa = PBXFileReference; lastKnownFileType = folder.assetcatalog; path = "Preview Assets.xcassets"; sourceTree = "<group>"; };
		EFDE3EFE288317480090C00E /* Info.plist */ = {isa = PBXFileReference; lastKnownFileType = text.plist.xml; path = Info.plist; sourceTree = "<group>"; };
		EFDE3F0E288318B70090C00E /* Note.swift */ = {isa = PBXFileReference; lastKnownFileType = sourcecode.swift; path = Note.swift; sourceTree = "<group>"; };
		EFDE3F10288321770090C00E /* DetailView.swift */ = {isa = PBXFileReference; lastKnownFileType = sourcecode.swift; path = DetailView.swift; sourceTree = "<group>"; };
/* End PBXFileReference section */

/* Begin PBXFrameworksBuildPhase section */
		EFDE3EEB288317470090C00E /* Frameworks */ = {
			isa = PBXFrameworksBuildPhase;
			buildActionMask = 2147483647;
			files = (
			);
			runOnlyForDeploymentPostprocessing = 0;
		};
/* End PBXFrameworksBuildPhase section */

/* Begin PBXGroup section */
		EFBCCEAB2883298F0057927F /* Component */ = {
			isa = PBXGroup;
			children = (
				EFBCCEAC288329B00057927F /* HeaderView.swift */,
			);
			path = Component;
			sourceTree = "<group>";
		};
		EFDE3ED8288317460090C00E = {
			isa = PBXGroup;
			children = (
				EFDE3EE7288317460090C00E /* Notes WatchKit App */,
				EFDE3EF2288317470090C00E /* Notes WatchKit Extension */,
				EFDE3EE0288317460090C00E /* Products */,
			);
			sourceTree = "<group>";
		};
		EFDE3EE0288317460090C00E /* Products */ = {
			isa = PBXGroup;
			children = (
				EFDE3EDF288317460090C00E /* Notes.app */,
				EFDE3EE3288317460090C00E /* Notes WatchKit App.app */,
				EFDE3EEE288317470090C00E /* Notes WatchKit Extension.appex */,
			);
			name = Products;
			sourceTree = "<group>";
		};
		EFDE3EE7288317460090C00E /* Notes WatchKit App */ = {
			isa = PBXGroup;
			children = (
				EFDE3EE8288317470090C00E /* Assets.xcassets */,
			);
			path = "Notes WatchKit App";
			sourceTree = "<group>";
		};
		EFDE3EF2288317470090C00E /* Notes WatchKit Extension */ = {
			isa = PBXGroup;
			children = (
				EFBCCEAB2883298F0057927F /* Component */,
				EFDE3F0D288318A60090C00E /* Model */,
				EFDE3F0C2883189B0090C00E /* View */,
				EFDE3EF5288317470090C00E /* NotesApp.swift */,
				EFDE3EF7288317470090C00E /* ComplicationController.swift */,
				EFDE3EF9288317480090C00E /* Assets.xcassets */,
				EFDE3EFE288317480090C00E /* Info.plist */,
				EFDE3EFB288317480090C00E /* Preview Content */,
			);
			path = "Notes WatchKit Extension";
			sourceTree = "<group>";
		};
		EFDE3EFB288317480090C00E /* Preview Content */ = {
			isa = PBXGroup;
			children = (
				EFDE3EFC288317480090C00E /* Preview Assets.xcassets */,
			);
			path = "Preview Content";
			sourceTree = "<group>";
		};
		EFDE3F0C2883189B0090C00E /* View */ = {
			isa = PBXGroup;
			children = (
				EFDE3EF3288317470090C00E /* ContentView.swift */,
				EFDE3F10288321770090C00E /* DetailView.swift */,
				EFBCCEA9288329280057927F /* CreditsView.swift */,
				EFBCCEAE28832FC10057927F /* SettingsView.swift */,
			);
			path = View;
			sourceTree = "<group>";
		};
		EFDE3F0D288318A60090C00E /* Model */ = {
			isa = PBXGroup;
			children = (
				EFDE3F0E288318B70090C00E /* Note.swift */,
			);
			path = Model;
			sourceTree = "<group>";
		};
/* End PBXGroup section */

/* Begin PBXNativeTarget section */
		EFDE3EDE288317460090C00E /* Notes */ = {
			isa = PBXNativeTarget;
			buildConfigurationList = EFDE3F09288317480090C00E /* Build configuration list for PBXNativeTarget "Notes" */;
			buildPhases = (
				EFDE3EDD288317460090C00E /* Resources */,
				EFDE3F08288317480090C00E /* Embed Watch Content */,
			);
			buildRules = (
			);
			dependencies = (
				EFDE3EE6288317460090C00E /* PBXTargetDependency */,
			);
			name = Notes;
			productName = Notes;
			productReference = EFDE3EDF288317460090C00E /* Notes.app */;
			productType = "com.apple.product-type.application.watchapp2-container";
		};
		EFDE3EE2288317460090C00E /* Notes WatchKit App */ = {
			isa = PBXNativeTarget;
			buildConfigurationList = EFDE3F05288317480090C00E /* Build configuration list for PBXNativeTarget "Notes WatchKit App" */;
			buildPhases = (
				EFDE3EE1288317460090C00E /* Resources */,
				EFDE3F04288317480090C00E /* Embed App Extensions */,
			);
			buildRules = (
			);
			dependencies = (
				EFDE3EF1288317470090C00E /* PBXTargetDependency */,
			);
			name = "Notes WatchKit App";
			productName = "Notes WatchKit App";
			productReference = EFDE3EE3288317460090C00E /* Notes WatchKit App.app */;
			productType = "com.apple.product-type.application.watchapp2";
		};
		EFDE3EED288317470090C00E /* Notes WatchKit Extension */ = {
			isa = PBXNativeTarget;
			buildConfigurationList = EFDE3F01288317480090C00E /* Build configuration list for PBXNativeTarget "Notes WatchKit Extension" */;
			buildPhases = (
				EFDE3EEA288317470090C00E /* Sources */,
				EFDE3EEB288317470090C00E /* Frameworks */,
				EFDE3EEC288317470090C00E /* Resources */,
			);
			buildRules = (
			);
			dependencies = (
			);
			name = "Notes WatchKit Extension";
			productName = "Notes WatchKit Extension";
			productReference = EFDE3EEE288317470090C00E /* Notes WatchKit Extension.appex */;
			productType = "com.apple.product-type.watchkit2-extension";
		};
/* End PBXNativeTarget section */

/* Begin PBXProject section */
		EFDE3ED9288317460090C00E /* Project object */ = {
			isa = PBXProject;
			attributes = {
				BuildIndependentTargetsInParallel = 1;
				LastSwiftUpdateCheck = 1340;
				LastUpgradeCheck = 1340;
				TargetAttributes = {
					EFDE3EDE288317460090C00E = {
						CreatedOnToolsVersion = 13.4.1;
					};
					EFDE3EE2288317460090C00E = {
						CreatedOnToolsVersion = 13.4.1;
					};
					EFDE3EED288317470090C00E = {
						CreatedOnToolsVersion = 13.4.1;
					};
				};
			};
			buildConfigurationList = EFDE3EDC288317460090C00E /* Build configuration list for PBXProject "Notes" */;
			compatibilityVersion = "Xcode 13.0";
			developmentRegion = en;
			hasScannedForEncodings = 0;
			knownRegions = (
				en,
				Base,
			);
			mainGroup = EFDE3ED8288317460090C00E;
			productRefGroup = EFDE3EE0288317460090C00E /* Products */;
			projectDirPath = "";
			projectRoot = "";
			targets = (
				EFDE3EDE288317460090C00E /* Notes */,
				EFDE3EE2288317460090C00E /* Notes WatchKit App */,
				EFDE3EED288317470090C00E /* Notes WatchKit Extension */,
			);
		};
/* End PBXProject section */

/* Begin PBXResourcesBuildPhase section */
		EFDE3EDD288317460090C00E /* Resources */ = {
			isa = PBXResourcesBuildPhase;
			buildActionMask = 2147483647;
			files = (
			);
			runOnlyForDeploymentPostprocessing = 0;
		};
		EFDE3EE1288317460090C00E /* Resources */ = {
			isa = PBXResourcesBuildPhase;
			buildActionMask = 2147483647;
			files = (
				EFDE3EE9288317470090C00E /* Assets.xcassets in Resources */,
			);
			runOnlyForDeploymentPostprocessing = 0;
		};
		EFDE3EEC288317470090C00E /* Resources */ = {
			isa = PBXResourcesBuildPhase;
			buildActionMask = 2147483647;
			files = (
				EFDE3EFD288317480090C00E /* Preview Assets.xcassets in Resources */,
				EFDE3EFA288317480090C00E /* Assets.xcassets in Resources */,
			);
			runOnlyForDeploymentPostprocessing = 0;
		};
/* End PBXResourcesBuildPhase section */

/* Begin PBXSourcesBuildPhase section */
		EFDE3EEA288317470090C00E /* Sources */ = {
			isa = PBXSourcesBuildPhase;
			buildActionMask = 2147483647;
			files = (
				EFDE3EF4288317470090C00E /* ContentView.swift in Sources */,
				EFBCCEAF28832FC10057927F /* SettingsView.swift in Sources */,
				EFDE3EF6288317470090C00E /* NotesApp.swift in Sources */,
				EFDE3EF8288317470090C00E /* ComplicationController.swift in Sources */,
				EFBCCEAA288329280057927F /* CreditsView.swift in Sources */,
				EFDE3F11288321770090C00E /* DetailView.swift in Sources */,
				EFDE3F0F288318B70090C00E /* Note.swift in Sources */,
				EFBCCEAD288329B00057927F /* HeaderView.swift in Sources */,
			);
			runOnlyForDeploymentPostprocessing = 0;
		};
/* End PBXSourcesBuildPhase section */

/* Begin PBXTargetDependency section */
		EFDE3EE6288317460090C00E /* PBXTargetDependency */ = {
			isa = PBXTargetDependency;
			target = EFDE3EE2288317460090C00E /* Notes WatchKit App */;
			targetProxy = EFDE3EE5288317460090C00E /* PBXContainerItemProxy */;
		};
		EFDE3EF1288317470090C00E /* PBXTargetDependency */ = {
			isa = PBXTargetDependency;
			target = EFDE3EED288317470090C00E /* Notes WatchKit Extension */;
			targetProxy = EFDE3EF0288317470090C00E /* PBXContainerItemProxy */;
		};
/* End PBXTargetDependency section */

/* Begin XCBuildConfiguration section */
		EFDE3EFF288317480090C00E /* Debug */ = {
			isa = XCBuildConfiguration;
			buildSettings = {
				ALWAYS_SEARCH_USER_PATHS = NO;
				CLANG_ANALYZER_NONNULL = YES;
				CLANG_ANALYZER_NUMBER_OBJECT_CONVERSION = YES_AGGRESSIVE;
				CLANG_CXX_LANGUAGE_STANDARD = "gnu++17";
				CLANG_ENABLE_MODULES = YES;
				CLANG_ENABLE_OBJC_ARC = YES;
				CLANG_ENABLE_OBJC_WEAK = YES;
				CLANG_WARN_BLOCK_CAPTURE_AUTORELEASING = YES;
				CLANG_WARN_BOOL_CONVERSION = YES;
				CLANG_WARN_COMMA = YES;
				CLANG_WARN_CONSTANT_CONVERSION = YES;
				CLANG_WARN_DEPRECATED_OBJC_IMPLEMENTATIONS = YES;
				CLANG_WARN_DIRECT_OBJC_ISA_USAGE = YES_ERROR;
				CLANG_WARN_DOCUMENTATION_COMMENTS = YES;
				CLANG_WARN_EMPTY_BODY = YES;
				CLANG_WARN_ENUM_CONVERSION = YES;
				CLANG_WARN_INFINITE_RECURSION = YES;
				CLANG_WARN_INT_CONVERSION = YES;
				CLANG_WARN_NON_LITERAL_NULL_CONVERSION = YES;
				CLANG_WARN_OBJC_IMPLICIT_RETAIN_SELF = YES;
				CLANG_WARN_OBJC_LITERAL_CONVERSION = YES;
				CLANG_WARN_OBJC_ROOT_CLASS = YES_ERROR;
				CLANG_WARN_QUOTED_INCLUDE_IN_FRAMEWORK_HEADER = YES;
				CLANG_WARN_RANGE_LOOP_ANALYSIS = YES;
				CLANG_WARN_STRICT_PROTOTYPES = YES;
				CLANG_WARN_SUSPICIOUS_MOVE = YES;
				CLANG_WARN_UNGUARDED_AVAILABILITY = YES_AGGRESSIVE;
				CLANG_WARN_UNREACHABLE_CODE = YES;
				CLANG_WARN__DUPLICATE_METHOD_MATCH = YES;
				COPY_PHASE_STRIP = NO;
				DEBUG_INFORMATION_FORMAT = dwarf;
				ENABLE_STRICT_OBJC_MSGSEND = YES;
				ENABLE_TESTABILITY = YES;
				GCC_C_LANGUAGE_STANDARD = gnu11;
				GCC_DYNAMIC_NO_PIC = NO;
				GCC_NO_COMMON_BLOCKS = YES;
				GCC_OPTIMIZATION_LEVEL = 0;
				GCC_PREPROCESSOR_DEFINITIONS = (
					"DEBUG=1",
					"$(inherited)",
				);
				GCC_WARN_64_TO_32_BIT_CONVERSION = YES;
				GCC_WARN_ABOUT_RETURN_TYPE = YES_ERROR;
				GCC_WARN_UNDECLARED_SELECTOR = YES;
				GCC_WARN_UNINITIALIZED_AUTOS = YES_AGGRESSIVE;
				GCC_WARN_UNUSED_FUNCTION = YES;
				GCC_WARN_UNUSED_VARIABLE = YES;
				MTL_ENABLE_DEBUG_INFO = INCLUDE_SOURCE;
				MTL_FAST_MATH = YES;
				ONLY_ACTIVE_ARCH = YES;
				SDKROOT = iphoneos;
				SWIFT_ACTIVE_COMPILATION_CONDITIONS = DEBUG;
				SWIFT_OPTIMIZATION_LEVEL = "-Onone";
			};
			name = Debug;
		};
		EFDE3F00288317480090C00E /* Release */ = {
			isa = XCBuildConfiguration;
			buildSettings = {
				ALWAYS_SEARCH_USER_PATHS = NO;
				CLANG_ANALYZER_NONNULL = YES;
				CLANG_ANALYZER_NUMBER_OBJECT_CONVERSION = YES_AGGRESSIVE;
				CLANG_CXX_LANGUAGE_STANDARD = "gnu++17";
				CLANG_ENABLE_MODULES = YES;
				CLANG_ENABLE_OBJC_ARC = YES;
				CLANG_ENABLE_OBJC_WEAK = YES;
				CLANG_WARN_BLOCK_CAPTURE_AUTORELEASING = YES;
				CLANG_WARN_BOOL_CONVERSION = YES;
				CLANG_WARN_COMMA = YES;
				CLANG_WARN_CONSTANT_CONVERSION = YES;
				CLANG_WARN_DEPRECATED_OBJC_IMPLEMENTATIONS = YES;
				CLANG_WARN_DIRECT_OBJC_ISA_USAGE = YES_ERROR;
				CLANG_WARN_DOCUMENTATION_COMMENTS = YES;
				CLANG_WARN_EMPTY_BODY = YES;
				CLANG_WARN_ENUM_CONVERSION = YES;
				CLANG_WARN_INFINITE_RECURSION = YES;
				CLANG_WARN_INT_CONVERSION = YES;
				CLANG_WARN_NON_LITERAL_NULL_CONVERSION = YES;
				CLANG_WARN_OBJC_IMPLICIT_RETAIN_SELF = YES;
				CLANG_WARN_OBJC_LITERAL_CONVERSION = YES;
				CLANG_WARN_OBJC_ROOT_CLASS = YES_ERROR;
				CLANG_WARN_QUOTED_INCLUDE_IN_FRAMEWORK_HEADER = YES;
				CLANG_WARN_RANGE_LOOP_ANALYSIS = YES;
				CLANG_WARN_STRICT_PROTOTYPES = YES;
				CLANG_WARN_SUSPICIOUS_MOVE = YES;
				CLANG_WARN_UNGUARDED_AVAILABILITY = YES_AGGRESSIVE;
				CLANG_WARN_UNREACHABLE_CODE = YES;
				CLANG_WARN__DUPLICATE_METHOD_MATCH = YES;
				COPY_PHASE_STRIP = NO;
				DEBUG_INFORMATION_FORMAT = "dwarf-with-dsym";
				ENABLE_NS_ASSERTIONS = NO;
				ENABLE_STRICT_OBJC_MSGSEND = YES;
				GCC_C_LANGUAGE_STANDARD = gnu11;
				GCC_NO_COMMON_BLOCKS = YES;
				GCC_WARN_64_TO_32_BIT_CONVERSION = YES;
				GCC_WARN_ABOUT_RETURN_TYPE = YES_ERROR;
				GCC_WARN_UNDECLARED_SELECTOR = YES;
				GCC_WARN_UNINITIALIZED_AUTOS = YES_AGGRESSIVE;
				GCC_WARN_UNUSED_FUNCTION = YES;
				GCC_WARN_UNUSED_VARIABLE = YES;
				MTL_ENABLE_DEBUG_INFO = NO;
				MTL_FAST_MATH = YES;
				SDKROOT = iphoneos;
				SWIFT_COMPILATION_MODE = wholemodule;
				SWIFT_OPTIMIZATION_LEVEL = "-O";
				VALIDATE_PRODUCT = YES;
			};
			name = Release;
		};
		EFDE3F02288317480090C00E /* Debug */ = {
			isa = XCBuildConfiguration;
			buildSettings = {
				ASSETCATALOG_COMPILER_COMPLICATION_NAME = Complication;
				CODE_SIGN_STYLE = Automatic;
				CURRENT_PROJECT_VERSION = 1;
				DEVELOPMENT_ASSET_PATHS = "\"Notes WatchKit Extension/Preview Content\"";
				DEVELOPMENT_TEAM = A38548G3Y3;
				ENABLE_PREVIEWS = YES;
				GENERATE_INFOPLIST_FILE = YES;
				INFOPLIST_FILE = "Notes WatchKit Extension/Info.plist";
				INFOPLIST_KEY_CFBundleDisplayName = "Notes WatchKit Extension";
				INFOPLIST_KEY_CLKComplicationPrincipalClass = "$(PRODUCT_MODULE_NAME).ComplicationController";
				INFOPLIST_KEY_NSHumanReadableCopyright = "";
				INFOPLIST_KEY_WKWatchOnly = YES;
				LD_RUNPATH_SEARCH_PATHS = (
					"$(inherited)",
					"@executable_path/Frameworks",
					"@executable_path/../../Frameworks",
				);
				MARKETING_VERSION = 1.0;
				PRODUCT_BUNDLE_IDENTIFIER = com.idontknowwhatimdoing.Notes.watchkitapp.watchkitextension;
				PRODUCT_NAME = "${TARGET_NAME}";
				SDKROOT = watchos;
				SKIP_INSTALL = YES;
				SWIFT_EMIT_LOC_STRINGS = YES;
				SWIFT_VERSION = 5.0;
				TARGETED_DEVICE_FAMILY = 4;
				WATCHOS_DEPLOYMENT_TARGET = 8.5;
			};
			name = Debug;
		};
		EFDE3F03288317480090C00E /* Release */ = {
			isa = XCBuildConfiguration;
			buildSettings = {
				ASSETCATALOG_COMPILER_COMPLICATION_NAME = Complication;
				CODE_SIGN_STYLE = Automatic;
				CURRENT_PROJECT_VERSION = 1;
				DEVELOPMENT_ASSET_PATHS = "\"Notes WatchKit Extension/Preview Content\"";
				DEVELOPMENT_TEAM = A38548G3Y3;
				ENABLE_PREVIEWS = YES;
				GENERATE_INFOPLIST_FILE = YES;
				INFOPLIST_FILE = "Notes WatchKit Extension/Info.plist";
				INFOPLIST_KEY_CFBundleDisplayName = "Notes WatchKit Extension";
				INFOPLIST_KEY_CLKComplicationPrincipalClass = "$(PRODUCT_MODULE_NAME).ComplicationController";
				INFOPLIST_KEY_NSHumanReadableCopyright = "";
				INFOPLIST_KEY_WKWatchOnly = YES;
				LD_RUNPATH_SEARCH_PATHS = (
					"$(inherited)",
					"@executable_path/Frameworks",
					"@executable_path/../../Frameworks",
				);
				MARKETING_VERSION = 1.0;
				PRODUCT_BUNDLE_IDENTIFIER = com.idontknowwhatimdoing.Notes.watchkitapp.watchkitextension;
				PRODUCT_NAME = "${TARGET_NAME}";
				SDKROOT = watchos;
				SKIP_INSTALL = YES;
				SWIFT_EMIT_LOC_STRINGS = YES;
				SWIFT_VERSION = 5.0;
				TARGETED_DEVICE_FAMILY = 4;
				WATCHOS_DEPLOYMENT_TARGET = 8.5;
			};
			name = Release;
		};
		EFDE3F06288317480090C00E /* Debug */ = {
			isa = XCBuildConfiguration;
			buildSettings = {
				ALWAYS_EMBED_SWIFT_STANDARD_LIBRARIES = YES;
				ASSETCATALOG_COMPILER_APPICON_NAME = AppIcon;
				ASSETCATALOG_COMPILER_GLOBAL_ACCENT_COLOR_NAME = AccentColor;
				CODE_SIGN_STYLE = Automatic;
				CURRENT_PROJECT_VERSION = 1;
				DEVELOPMENT_TEAM = A38548G3Y3;
				GENERATE_INFOPLIST_FILE = YES;
				IBSC_MODULE = Notes_WatchKit_Extension;
				INFOPLIST_KEY_CFBundleDisplayName = "Notes WatchKit App";
				INFOPLIST_KEY_UISupportedInterfaceOrientations = "UIInterfaceOrientationPortrait UIInterfaceOrientationPortraitUpsideDown";
				MARKETING_VERSION = 1.0;
				PRODUCT_BUNDLE_IDENTIFIER = com.idontknowwhatimdoing.Notes.watchkitapp;
				PRODUCT_NAME = "$(TARGET_NAME)";
				SDKROOT = watchos;
				SKIP_INSTALL = YES;
				SWIFT_EMIT_LOC_STRINGS = YES;
				SWIFT_VERSION = 5.0;
				TARGETED_DEVICE_FAMILY = 4;
				WATCHOS_DEPLOYMENT_TARGET = 8.5;
			};
			name = Debug;
		};
		EFDE3F07288317480090C00E /* Release */ = {
			isa = XCBuildConfiguration;
			buildSettings = {
				ALWAYS_EMBED_SWIFT_STANDARD_LIBRARIES = YES;
				ASSETCATALOG_COMPILER_APPICON_NAME = AppIcon;
				ASSETCATALOG_COMPILER_GLOBAL_ACCENT_COLOR_NAME = AccentColor;
				CODE_SIGN_STYLE = Automatic;
				CURRENT_PROJECT_VERSION = 1;
				DEVELOPMENT_TEAM = A38548G3Y3;
				GENERATE_INFOPLIST_FILE = YES;
				IBSC_MODULE = Notes_WatchKit_Extension;
				INFOPLIST_KEY_CFBundleDisplayName = "Notes WatchKit App";
				INFOPLIST_KEY_UISupportedInterfaceOrientations = "UIInterfaceOrientationPortrait UIInterfaceOrientationPortraitUpsideDown";
				MARKETING_VERSION = 1.0;
				PRODUCT_BUNDLE_IDENTIFIER = com.idontknowwhatimdoing.Notes.watchkitapp;
				PRODUCT_NAME = "$(TARGET_NAME)";
				SDKROOT = watchos;
				SKIP_INSTALL = YES;
				SWIFT_EMIT_LOC_STRINGS = YES;
				SWIFT_VERSION = 5.0;
				TARGETED_DEVICE_FAMILY = 4;
				WATCHOS_DEPLOYMENT_TARGET = 8.5;
			};
			name = Release;
		};
		EFDE3F0A288317480090C00E /* Debug */ = {
			isa = XCBuildConfiguration;
			buildSettings = {
				CODE_SIGN_STYLE = Automatic;
				CURRENT_PROJECT_VERSION = 1;
				DEVELOPMENT_TEAM = A38548G3Y3;
				MARKETING_VERSION = 1.0;
				PRODUCT_BUNDLE_IDENTIFIER = com.idontknowwhatimdoing.Notes;
				PRODUCT_NAME = "$(TARGET_NAME)";
				SWIFT_VERSION = 5.0;
			};
			name = Debug;
		};
		EFDE3F0B288317480090C00E /* Release */ = {
			isa = XCBuildConfiguration;
			buildSettings = {
				CODE_SIGN_STYLE = Automatic;
				CURRENT_PROJECT_VERSION = 1;
				DEVELOPMENT_TEAM = A38548G3Y3;
				MARKETING_VERSION = 1.0;
				PRODUCT_BUNDLE_IDENTIFIER = com.idontknowwhatimdoing.Notes;
				PRODUCT_NAME = "$(TARGET_NAME)";
				SWIFT_VERSION = 5.0;
			};
			name = Release;
		};
/* End XCBuildConfiguration section */

/* Begin XCConfigurationList section */
		EFDE3EDC288317460090C00E /* Build configuration list for PBXProject "Notes" */ = {
			isa = XCConfigurationList;
			buildConfigurations = (
				EFDE3EFF288317480090C00E /* Debug */,
				EFDE3F00288317480090C00E /* Release */,
			);
			defaultConfigurationIsVisible = 0;
			defaultConfigurationName = Release;
		};
		EFDE3F01288317480090C00E /* Build configuration list for PBXNativeTarget "Notes WatchKit Extension" */ = {
			isa = XCConfigurationList;
			buildConfigurations = (
				EFDE3F02288317480090C00E /* Debug */,
				EFDE3F03288317480090C00E /* Release */,
			);
			defaultConfigurationIsVisible = 0;
			defaultConfigurationName = Release;
		};
		EFDE3F05288317480090C00E /* Build configuration list for PBXNativeTarget "Notes WatchKit App" */ = {
			isa = XCConfigurationList;
			buildConfigurations = (
				EFDE3F06288317480090C00E /* Debug */,
				EFDE3F07288317480090C00E /* Release */,
			);
			defaultConfigurationIsVisible = 0;
			defaultConfigurationName = Release;
		};
		EFDE3F09288317480090C00E /* Build configuration list for PBXNativeTarget "Notes" */ = {
			isa = XCConfigurationList;
			buildConfigurations = (
				EFDE3F0A288317480090C00E /* Debug */,
				EFDE3F0B288317480090C00E /* Release */,
			);
			defaultConfigurationIsVisible = 0;
			defaultConfigurationName = Release;
		};
/* End XCConfigurationList section */
	};
	rootObject = EFDE3ED9288317460090C00E /* Project object */;
}
